
Microsoft Visual Studio Solution File, Format Version 12.00
Project("{FAE04EC0-301F-11D3-BF4B-00C04F79EFBC}") = "Sor", "Sor\Sor.csproj", "{B6722571-0A3B-40BA-A895-FA6E67FEDB3F}"
EndProject
Project("{FAE04EC0-301F-11D3-BF4B-00C04F79EFBC}") = "SorParser", "SorParser\SorParser.csproj", "{44723E96-2ACC-4C50-B644-92E5AE6188E2}"
EndProject
Project("{2150E333-8FDC-42A3-9474-1A3956D46DE8}") = "Tests", "Tests", "{31D8B67E-B6B2-4C77-ACDB-E295A2FF48D7}"
EndProject
Project("{FAE04EC0-301F-11D3-BF4B-00C04F79EFBC}") = "SorParserTest", "SorParserTest\SorParserTest.csproj", "{47E25CA9-2863-421D-B1C4-CECFB91066C5}"
EndProject
Project("{FAE04EC0-301F-11D3-BF4B-00C04F79EFBC}") = "Sor.API", "Sor.API\Sor.API.csproj", "{BF5526D5-A874-48FC-A6D9-3669071F0831}"
EndProject
Project("{2150E333-8FDC-42A3-9474-1A3956D46DE8}") = "Plugins", "Plugins", "{D688B9E1-BE23-4BD6-9D1F-FBD81C2A35E8}"
EndProject
Project("{FAE04EC0-301F-11D3-BF4B-00C04F79EFBC}") = "Sor.JsonPlugin", "Sor.JsonPlugin\Sor.JsonPlugin.csproj", "{04E95CA7-D577-48AC-B3FE-ED51B4A002B0}"
EndProject
Project("{FAE04EC0-301F-11D3-BF4B-00C04F79EFBC}") = "Sor.CsvPlugin", "Sor.CsvPlugin\Sor.CsvPlugin.csproj", "{714CF086-A315-411F-BB72-F74085AB8984}"
EndProject
Global
	GlobalSection(SolutionConfigurationPlatforms) = preSolution
		Debug|Any CPU = Debug|Any CPU
		Release|Any CPU = Release|Any CPU
	EndGlobalSection
	GlobalSection(ProjectConfigurationPlatforms) = postSolution
		{B6722571-0A3B-40BA-A895-FA6E67FEDB3F}.Debug|Any CPU.ActiveCfg = Debug|Any CPU
		{B6722571-0A3B-40BA-A895-FA6E67FEDB3F}.Debug|Any CPU.Build.0 = Debug|Any CPU
		{B6722571-0A3B-40BA-A895-FA6E67FEDB3F}.Release|Any CPU.ActiveCfg = Release|Any CPU
		{B6722571-0A3B-40BA-A895-FA6E67FEDB3F}.Release|Any CPU.Build.0 = Release|Any CPU
		{44723E96-2ACC-4C50-B644-92E5AE6188E2}.Debug|Any CPU.ActiveCfg = Debug|Any CPU
		{44723E96-2ACC-4C50-B644-92E5AE6188E2}.Debug|Any CPU.Build.0 = Debug|Any CPU
		{44723E96-2ACC-4C50-B644-92E5AE6188E2}.Release|Any CPU.ActiveCfg = Release|Any CPU
		{44723E96-2ACC-4C50-B644-92E5AE6188E2}.Release|Any CPU.Build.0 = Release|Any CPU
		{47E25CA9-2863-421D-B1C4-CECFB91066C5}.Debug|Any CPU.ActiveCfg = Debug|Any CPU
		{47E25CA9-2863-421D-B1C4-CECFB91066C5}.Debug|Any CPU.Build.0 = Debug|Any CPU
		{47E25CA9-2863-421D-B1C4-CECFB91066C5}.Release|Any CPU.ActiveCfg = Release|Any CPU
		{47E25CA9-2863-421D-B1C4-CECFB91066C5}.Release|Any CPU.Build.0 = Release|Any CPU
		{BF5526D5-A874-48FC-A6D9-3669071F0831}.Debug|Any CPU.ActiveCfg = Debug|Any CPU
		{BF5526D5-A874-48FC-A6D9-3669071F0831}.Debug|Any CPU.Build.0 = Debug|Any CPU
		{BF5526D5-A874-48FC-A6D9-3669071F0831}.Release|Any CPU.ActiveCfg = Release|Any CPU
		{BF5526D5-A874-48FC-A6D9-3669071F0831}.Release|Any CPU.Build.0 = Release|Any CPU
		{04E95CA7-D577-48AC-B3FE-ED51B4A002B0}.Debug|Any CPU.ActiveCfg = Debug|Any CPU
		{04E95CA7-D577-48AC-B3FE-ED51B4A002B0}.Debug|Any CPU.Build.0 = Debug|Any CPU
		{04E95CA7-D577-48AC-B3FE-ED51B4A002B0}.Release|Any CPU.ActiveCfg = Release|Any CPU
		{04E95CA7-D577-48AC-B3FE-ED51B4A002B0}.Release|Any CPU.Build.0 = Release|Any CPU
		{714CF086-A315-411F-BB72-F74085AB8984}.Debug|Any CPU.ActiveCfg = Debug|Any CPU
		{714CF086-A315-411F-BB72-F74085AB8984}.Debug|Any CPU.Build.0 = Debug|Any CPU
		{714CF086-A315-411F-BB72-F74085AB8984}.Release|Any CPU.ActiveCfg = Release|Any CPU
		{714CF086-A315-411F-BB72-F74085AB8984}.Release|Any CPU.Build.0 = Release|Any CPU
	EndGlobalSection
	GlobalSection(NestedProjects) = preSolution
		{47E25CA9-2863-421D-B1C4-CECFB91066C5} = {31D8B67E-B6B2-4C77-ACDB-E295A2FF48D7}
		{04E95CA7-D577-48AC-B3FE-ED51B4A002B0} = {D688B9E1-BE23-4BD6-9D1F-FBD81C2A35E8}
		{714CF086-A315-411F-BB72-F74085AB8984} = {D688B9E1-BE23-4BD6-9D1F-FBD81C2A35E8}
	EndGlobalSection
EndGlobal
